// !$*UTF8*$!
{
	archiveVersion = 1;
	classes = {
	};
	objectVersion = 46;
	objects = {

/* Begin PBXBuildFile section */
		52DA2F551F3A7FDC009CDA4F /* AppDelegate.swift in Sources */ = {isa = PBXBuildFile; fileRef = 52DA2F541F3A7FDC009CDA4F /* AppDelegate.swift */; };
		52DA2F571F3A7FDC009CDA4F /* ViewController.swift in Sources */ = {isa = PBXBuildFile; fileRef = 52DA2F561F3A7FDC009CDA4F /* ViewController.swift */; };
		52DA2F5A1F3A7FDC009CDA4F /* Main.storyboard in Resources */ = {isa = PBXBuildFile; fileRef = 52DA2F581F3A7FDC009CDA4F /* Main.storyboard */; };
		52DA2F5C1F3A7FDC009CDA4F /* Assets.xcassets in Resources */ = {isa = PBXBuildFile; fileRef = 52DA2F5B1F3A7FDC009CDA4F /* Assets.xcassets */; };
		52DA2F5F1F3A7FDC009CDA4F /* LaunchScreen.storyboard in Resources */ = {isa = PBXBuildFile; fileRef = 52DA2F5D1F3A7FDC009CDA4F /* LaunchScreen.storyboard */; };
/* End PBXBuildFile section */

/* Begin PBXFileReference section */
		52DA2F511F3A7FDC009CDA4F /* MindIT.app */ = {isa = PBXFileReference; explicitFileType = wrapper.application; includeInIndex = 0; path = MindIT.app; sourceTree = BUILT_PRODUCTS_DIR; };
		52DA2F541F3A7FDC009CDA4F /* AppDelegate.swift */ = {isa = PBXFileReference; lastKnownFileType = sourcecode.swift; path = AppDelegate.swift; sourceTree = "<group>"; };
		52DA2F561F3A7FDC009CDA4F /* ViewController.swift */ = {isa = PBXFileReference; lastKnownFileType = sourcecode.swift; path = ViewController.swift; sourceTree = "<group>"; };
		52DA2F591F3A7FDC009CDA4F /* Base */ = {isa = PBXFileReference; lastKnownFileType = file.storyboard; name = Base; path = Base.lproj/Main.storyboard; sourceTree = "<group>"; };
		52DA2F5B1F3A7FDC009CDA4F /* Assets.xcassets */ = {isa = PBXFileReference; lastKnownFileType = folder.assetcatalog; path = Assets.xcassets; sourceTree = "<group>"; };
		52DA2F5E1F3A7FDC009CDA4F /* Base */ = {isa = PBXFileReference; lastKnownFileType = file.storyboard; name = Base; path = Base.lproj/LaunchScreen.storyboard; sourceTree = "<group>"; };
		52DA2F601F3A7FDC009CDA4F /* Info.plist */ = {isa = PBXFileReference; lastKnownFileType = text.plist.xml; path = Info.plist; sourceTree = "<group>"; };
/* End PBXFileReference section */

/* Begin PBXFrameworksBuildPhase section */
		52DA2F4E1F3A7FDC009CDA4F /* Frameworks */ = {
			isa = PBXFrameworksBuildPhase;
			buildActionMask = 2147483647;
			files = (
			);
			runOnlyForDeploymentPostprocessing = 0;
		};
/* End PBXFrameworksBuildPhase section */

/* Begin PBXGroup section */
		52DA2F481F3A7FDC009CDA4F = {
			isa = PBXGroup;
			children = (
				52DA2F531F3A7FDC009CDA4F /* MindIT */,
				52DA2F521F3A7FDC009CDA4F /* Products */,
			);
			sourceTree = "<group>";
		};
		52DA2F521F3A7FDC009CDA4F /* Products */ = {
			isa = PBXGroup;
			children = (
				52DA2F511F3A7FDC009CDA4F /* MindIT.app */,
			);
			name = Products;
			sourceTree = "<group>";
		};
		52DA2F531F3A7FDC009CDA4F /* MindIT */ = {
			isa = PBXGroup;
			children = (
				52DA2F541F3A7FDC009CDA4F /* AppDelegate.swift */,
				52DA2F561F3A7FDC009CDA4F /* ViewController.swift */,
				52DA2F581F3A7FDC009CDA4F /* Main.storyboard */,
				52DA2F5B1F3A7FDC009CDA4F /* Assets.xcassets */,
				52DA2F5D1F3A7FDC009CDA4F /* LaunchScreen.storyboard */,
				52DA2F601F3A7FDC009CDA4F /* Info.plist */,
			);
			path = MindIT;
			sourceTree = "<group>";
		};
/* End PBXGroup section */

/* Begin PBXNativeTarget section */
		52DA2F501F3A7FDC009CDA4F /* MindIT */ = {
			isa = PBXNativeTarget;
			buildConfigurationList = 52DA2F631F3A7FDC009CDA4F /* Build configuration list for PBXNativeTarget "MindIT" */;
			buildPhases = (
				52DA2F4D1F3A7FDC009CDA4F /* Sources */,
				52DA2F4E1F3A7FDC009CDA4F /* Frameworks */,
				52DA2F4F1F3A7FDC009CDA4F /* Resources */,
			);
			buildRules = (
			);
			dependencies = (
			);
			name = MindIT;
			productName = MindIT;
			productReference = 52DA2F511F3A7FDC009CDA4F /* MindIT.app */;
			productType = "com.apple.product-type.application";
		};
/* End PBXNativeTarget section */

/* Begin PBXProject section */
		52DA2F491F3A7FDC009CDA4F /* Project object */ = {
			isa = PBXProject;
			attributes = {
				LastSwiftUpdateCheck = 0830;
				LastUpgradeCheck = 0830;
				ORGANIZATIONNAME = "Builder Infotech Pvt Ltd";
				TargetAttributes = {
					52DA2F501F3A7FDC009CDA4F = {
						CreatedOnToolsVersion = 8.3.3;
						DevelopmentTeam = W5K688959W;
						ProvisioningStyle = Automatic;
					};
				};
			};
			buildConfigurationList = 52DA2F4C1F3A7FDC009CDA4F /* Build configuration list for PBXProject "MindIT" */;
			compatibilityVersion = "Xcode 3.2";
			developmentRegion = English;
			hasScannedForEncodings = 0;
			knownRegions = (
				en,
				Base,
			);
			mainGroup = 52DA2F481F3A7FDC009CDA4F;
			productRefGroup = 52DA2F521F3A7FDC009CDA4F /* Products */;
			projectDirPath = "";
			projectRoot = "";
			targets = (
				52DA2F501F3A7FDC009CDA4F /* MindIT */,
			);
		};
/* End PBXProject section */

/* Begin PBXResourcesBuildPhase section */
		52DA2F4F1F3A7FDC009CDA4F /* Resources */ = {
			isa = PBXResourcesBuildPhase;
			buildActionMask = 2147483647;
			files = (
				52DA2F5F1F3A7FDC009CDA4F /* LaunchScreen.storyboard in Resources */,
				52DA2F5C1F3A7FDC009CDA4F /* Assets.xcassets in Resources */,
				52DA2F5A1F3A7FDC009CDA4F /* Main.storyboard in Resources */,
			);
			runOnlyForDeploymentPostprocessing = 0;
		};
/* End PBXResourcesBuildPhase section */

/* Begin PBXSourcesBuildPhase section */
		52DA2F4D1F3A7FDC009CDA4F /* Sources */ = {
			isa = PBXSourcesBuildPhase;
			buildActionMask = 2147483647;
			files = (
				52DA2F571F3A7FDC009CDA4F /* ViewController.swift in Sources */,
				52DA2F551F3A7FDC009CDA4F /* AppDelegate.swift in Sources */,
			);
			runOnlyForDeploymentPostprocessing = 0;
		};
/* End PBXSourcesBuildPhase section */

/* Begin PBXVariantGroup section */
		52DA2F581F3A7FDC009CDA4F /* Main.storyboard */ = {
			isa = PBXVariantGroup;
			children = (
				52DA2F591F3A7FDC009CDA4F /* Base */,
			);
			name = Main.storyboard;
			sourceTree = "<group>";
		};
		52DA2F5D1F3A7FDC009CDA4F /* LaunchScreen.storyboard */ = {
			isa = PBXVariantGroup;
			children = (
				52DA2F5E1F3A7FDC009CDA4F /* Base */,
			);
			name = LaunchScreen.storyboard;
			sourceTree = "<group>";
		};
/* End PBXVariantGroup section */

/* Begin XCBuildConfiguration section */
		52DA2F611F3A7FDC009CDA4F /* Debug */ = {
			isa = XCBuildConfiguration;
			buildSettings = {
				ALWAYS_SEARCH_USER_PATHS = NO;
				CLANG_ANALYZER_NONNULL = YES;
				CLANG_ANALYZER_NUMBER_OBJECT_CONVERSION = YES_AGGRESSIVE;
				CLANG_CXX_LANGUAGE_STANDARD = "gnu++0x";
				CLANG_CXX_LIBRARY = "libc++";
				CLANG_ENABLE_MODULES = YES;
				CLANG_ENABLE_OBJC_ARC = YES;
				CLANG_WARN_BOOL_CONVERSION = YES;
				CLANG_WARN_CONSTANT_CONVERSION = YES;
				CLANG_WARN_DIRECT_OBJC_ISA_USAGE = YES_ERROR;
				CLANG_WARN_DOCUMENTATION_COMMENTS = YES;
				CLANG_WARN_EMPTY_BODY = YES;
				CLANG_WARN_ENUM_CONVERSION = YES;
				CLANG_WARN_INFINITE_RECURSION = YES;
				CLANG_WARN_INT_CONVERSION = YES;
				CLANG_WARN_OBJC_ROOT_CLASS = YES_ERROR;
				CLANG_WARN_SUSPICIOUS_MOVE = YES;
				CLANG_WARN_UNREACHABLE_CODE = YES;
				CLANG_WARN__DUPLICATE_METHOD_MATCH = YES;
				"CODE_SIGN_IDENTITY[sdk=iphoneos*]" = "iPhone Developer";
				COPY_PHASE_STRIP = NO;
				DEBUG_INFORMATION_FORMAT = dwarf;
				ENABLE_STRICT_OBJC_MSGSEND = YES;
				ENABLE_TESTABILITY = YES;
				GCC_C_LANGUAGE_STANDARD = gnu99;
				GCC_DYNAMIC_NO_PIC = NO;
				GCC_NO_COMMON_BLOCKS = YES;
				GCC_OPTIMIZATION_LEVEL = 0;
				GCC_PREPROCESSOR_DEFINITIONS = (
					"DEBUG=1",
					"$(inherited)",
				);
				GCC_WARN_64_TO_32_BIT_CONVERSION = YES;
				GCC_WARN_ABOUT_RETURN_TYPE = YES_ERROR;
				GCC_WARN_UNDECLARED_SELECTOR = YES;
				GCC_WARN_UNINITIALIZED_AUTOS = YES_AGGRESSIVE;
				GCC_WARN_UNUSED_FUNCTION = YES;
				GCC_WARN_UNUSED_VARIABLE = YES;
				IPHONEOS_DEPLOYMENT_TARGET = 10.3;
				MTL_ENABLE_DEBUG_INFO = YES;
				ONLY_ACTIVE_ARCH = YES;
				SDKROOT = iphoneos;
				SWIFT_ACTIVE_COMPILATION_CONDITIONS = DEBUG;
				SWIFT_OPTIMIZATION_LEVEL = "-Onone";
				TARGETED_DEVICE_FAMILY = "1,2";
			};
			name = Debug;
		};
		52DA2F621F3A7FDC009CDA4F /* Release */ = {
			isa = XCBuildConfiguration;
			buildSettings = {
				ALWAYS_SEARCH_USER_PATHS = NO;
				CLANG_ANALYZER_NONNULL = YES;
				CLANG_ANALYZER_NUMBER_OBJECT_CONVERSION = YES_AGGRESSIVE;
				CLANG_CXX_LANGUAGE_STANDARD = "gnu++0x";
				CLANG_CXX_LIBRARY = "libc++";
				CLANG_ENABLE_MODULES = YES;
				CLANG_ENABLE_OBJC_ARC = YES;
				CLANG_WARN_BOOL_CONVERSION = YES;
				CLANG_WARN_CONSTANT_CONVERSION = YES;
				CLANG_WARN_DIRECT_OBJC_ISA_USAGE = YES_ERROR;
				CLANG_WARN_DOCUMENTATION_COMMENTS = YES;
				CLANG_WARN_EMPTY_BODY = YES;
				CLANG_WARN_ENUM_CONVERSION = YES;
				CLANG_WARN_INFINITE_RECURSION = YES;
				CLANG_WARN_INT_CONVERSION = YES;
				CLANG_WARN_OBJC_ROOT_CLASS = YES_ERROR;
				CLANG_WARN_SUSPICIOUS_MOVE = YES;
				CLANG_WARN_UNREACHABLE_CODE = YES;
				CLANG_WARN__DUPLICATE_METHOD_MATCH = YES;
				"CODE_SIGN_IDENTITY[sdk=iphoneos*]" = "iPhone Developer";
				COPY_PHASE_STRIP = NO;
				DEBUG_INFORMATION_FORMAT = "dwarf-with-dsym";
				ENABLE_NS_ASSERTIONS = NO;
				ENABLE_STRICT_OBJC_MSGSEND = YES;
				GCC_C_LANGUAGE_STANDARD = gnu99;
				GCC_NO_COMMON_BLOCKS = YES;
				GCC_WARN_64_TO_32_BIT_CONVERSION = YES;
				GCC_WARN_ABOUT_RETURN_TYPE = YES_ERROR;
				GCC_WARN_UNDECLARED_SELECTOR = YES;
				GCC_WARN_UNINITIALIZED_AUTOS = YES_AGGRESSIVE;
				GCC_WARN_UNUSED_FUNCTION = YES;
				GCC_WARN_UNUSED_VARIABLE = YES;
				IPHONEOS_DEPLOYMENT_TARGET = 10.3;
				MTL_ENABLE_DEBUG_INFO = NO;
				SDKROOT = iphoneos;
				SWIFT_OPTIMIZATION_LEVEL = "-Owholemodule";
				TARGETED_DEVICE_FAMILY = "1,2";
				VALIDATE_PRODUCT = YES;
			};
			name = Release;
		};
		52DA2F641F3A7FDC009CDA4F /* Debug */ = {
			isa = XCBuildConfiguration;
			buildSettings = {
				ASSETCATALOG_COMPILER_APPICON_NAME = AppIcon;
				ASSETCATALOG_COMPILER_LAUNCHIMAGE_NAME = LaunchImage;
				DEVELOPMENT_TEAM = W5K688959W;
				INFOPLIST_FILE = MindIT/Info.plist;
				LD_RUNPATH_SEARCH_PATHS = "$(inherited) @executable_path/Frameworks";
				PRODUCT_BUNDLE_IDENTIFIER = BuilderIT.MindIT;
				PRODUCT_NAME = "$(TARGET_NAME)";
				SWIFT_VERSION = 3.0;
				TARGETED_DEVICE_FAMILY = 1;
			};
			name = Debug;
		};
		52DA2F651F3A7FDC009CDA4F /* Release */ = {
			isa = XCBuildConfiguration;
			buildSettings = {
				ASSETCATALOG_COMPILER_APPICON_NAME = AppIcon;
				ASSETCATALOG_COMPILER_LAUNCHIMAGE_NAME = LaunchImage;
				DEVELOPMENT_TEAM = W5K688959W;
				INFOPLIST_FILE = MindIT/Info.plist;
				LD_RUNPATH_SEARCH_PATHS = "$(inherited) @executable_path/Frameworks";
				PRODUCT_BUNDLE_IDENTIFIER = BuilderIT.MindIT;
				PRODUCT_NAME = "$(TARGET_NAME)";
				SWIFT_VERSION = 3.0;
				TARGETED_DEVICE_FAMILY = 1;
			};
			name = Release;
		};
/* End XCBuildConfiguration section */

/* Begin XCConfigurationList section */
		52DA2F4C1F3A7FDC009CDA4F /* Build configuration list for PBXProject "MindIT" */ = {
			isa = XCConfigurationList;
			buildConfigurations = (
				52DA2F611F3A7FDC009CDA4F /* Debug */,
				52DA2F621F3A7FDC009CDA4F /* Release */,
			);
			defaultConfigurationIsVisible = 0;
			defaultConfigurationName = Release;
		};
		52DA2F631F3A7FDC009CDA4F /* Build configuration list for PBXNativeTarget "MindIT" */ = {
			isa = XCConfigurationList;
			buildConfigurations = (
				52DA2F641F3A7FDC009CDA4F /* Debug */,
				52DA2F651F3A7FDC009CDA4F /* Release */,
			);
			defaultConfigurationIsVisible = 0;
		};
/* End XCConfigurationList section */
	};
	rootObject = 52DA2F491F3A7FDC009CDA4F /* Project object */;
}
